
Microsoft Visual Studio Solution File, Format Version 12.00
# Visual Studio Version 16
VisualStudioVersion = 16.0.31515.178
MinimumVisualStudioVersion = 10.0.40219.1
Project("{FAE04EC0-301F-11D3-BF4B-00C04F79EFBC}") = "API.Core", "API.Core\API.Core.csproj", "{C3C1230C-7E66-44C2-A4C9-09307579AE57}"
EndProject
Project("{FAE04EC0-301F-11D3-BF4B-00C04F79EFBC}") = "API.L", "API.L\API.L.csproj", "{5BC149F0-BA83-47F2-962E-6C31E343307A}"
EndProject
Project("{FAE04EC0-301F-11D3-BF4B-00C04F79EFBC}") = "API.Data", "API.Data\API.Data.csproj", "{CE92CBA4-EF7A-4366-981C-C005FCAAFB1D}"
EndProject
Global
	GlobalSection(SolutionConfigurationPlatforms) = preSolution
		Debug|Any CPU = Debug|Any CPU
		Release|Any CPU = Release|Any CPU
	EndGlobalSection
	GlobalSection(ProjectConfigurationPlatforms) = postSolution
		{C3C1230C-7E66-44C2-A4C9-09307579AE57}.Debug|Any CPU.ActiveCfg = Debug|Any CPU
		{C3C1230C-7E66-44C2-A4C9-09307579AE57}.Debug|Any CPU.Build.0 = Debug|Any CPU
		{C3C1230C-7E66-44C2-A4C9-09307579AE57}.Release|Any CPU.ActiveCfg = Release|Any CPU
		{C3C1230C-7E66-44C2-A4C9-09307579AE57}.Release|Any CPU.Build.0 = Release|Any CPU
		{5BC149F0-BA83-47F2-962E-6C31E343307A}.Debug|Any CPU.ActiveCfg = Debug|Any CPU
		{5BC149F0-BA83-47F2-962E-6C31E343307A}.Debug|Any CPU.Build.0 = Debug|Any CPU
		{5BC149F0-BA83-47F2-962E-6C31E343307A}.Release|Any CPU.ActiveCfg = Release|Any CPU
		{5BC149F0-BA83-47F2-962E-6C31E343307A}.Release|Any CPU.Build.0 = Release|Any CPU
		{CE92CBA4-EF7A-4366-981C-C005FCAAFB1D}.Debug|Any CPU.ActiveCfg = Debug|Any CPU
		{CE92CBA4-EF7A-4366-981C-C005FCAAFB1D}.Debug|Any CPU.Build.0 = Debug|Any CPU
		{CE92CBA4-EF7A-4366-981C-C005FCAAFB1D}.Release|Any CPU.ActiveCfg = Release|Any CPU
		{CE92CBA4-EF7A-4366-981C-C005FCAAFB1D}.Release|Any CPU.Build.0 = Release|Any CPU
	EndGlobalSection
	GlobalSection(SolutionProperties) = preSolution
		HideSolutionNode = FALSE
	EndGlobalSection
	GlobalSection(ExtensibilityGlobals) = postSolution
		SolutionGuid = {809F5A3B-87FC-4D3B-B1FA-FD2E92FFB9AC}
	EndGlobalSection
EndGlobal
